// !$*UTF8*$!
{
	archiveVersion = 1;
	classes = {
	};
	objectVersion = 46;
	objects = {

/* Begin PBXBuildFile section */
		048D055915C60A7000B43974 /* AppDelegate.m in Sources */ = {isa = PBXBuildFile; fileRef = 048D054B15C60A7000B43974 /* AppDelegate.m */; };
		048D055E15C60A7000B43974 /* OutlineDelegate.m in Sources */ = {isa = PBXBuildFile; fileRef = 048D055415C60A7000B43974 /* OutlineDelegate.m */; };
		048D056015C60A7000B43974 /* REOutlineView.m in Sources */ = {isa = PBXBuildFile; fileRef = 048D055815C60A7000B43974 /* REOutlineView.m */; };
		04E07BB115C60AE7000079BD /* Reddit-Info.plist in Resources */ = {isa = PBXBuildFile; fileRef = 04E07BB015C60AE7000079BD /* Reddit-Info.plist */; };
		04E07BB615C60AF1000079BD /* Credits.rtf in Resources */ = {isa = PBXBuildFile; fileRef = 04E07BB215C60AF1000079BD /* Credits.rtf */; };
		04E07BB715C60AF1000079BD /* InfoPlist.strings in Resources */ = {isa = PBXBuildFile; fileRef = 04E07BB415C60AF1000079BD /* InfoPlist.strings */; };
		04E07BB815C60AF1000079BD /* Reddit-Info.plist in Resources */ = {isa = PBXBuildFile; fileRef = 04E07BB015C60AE7000079BD /* Reddit-Info.plist */; };
		04E07BBB15C60AF8000079BD /* MainMenu.xib in Resources */ = {isa = PBXBuildFile; fileRef = 04E07BB915C60AF8000079BD /* MainMenu.xib */; };
		04E07BBD15C60BD5000079BD /* main.m in Sources */ = {isa = PBXBuildFile; fileRef = 04E07BBC15C60BD5000079BD /* main.m */; };
		04ED31FC15C495F200BB265D /* Cocoa.framework in Frameworks */ = {isa = PBXBuildFile; fileRef = 04ED31FB15C495F200BB265D /* Cocoa.framework */; };
/* End PBXBuildFile section */

/* Begin PBXFileReference section */
		048D054A15C60A7000B43974 /* AppDelegate.h */ = {isa = PBXFileReference; fileEncoding = 4; lastKnownFileType = sourcecode.c.h; path = AppDelegate.h; sourceTree = "<group>"; };
		048D054B15C60A7000B43974 /* AppDelegate.m */ = {isa = PBXFileReference; fileEncoding = 4; lastKnownFileType = sourcecode.c.objc; path = AppDelegate.m; sourceTree = "<group>"; };
		048D055315C60A7000B43974 /* OutlineDelegate.h */ = {isa = PBXFileReference; fileEncoding = 4; lastKnownFileType = sourcecode.c.h; path = OutlineDelegate.h; sourceTree = "<group>"; };
		048D055415C60A7000B43974 /* OutlineDelegate.m */ = {isa = PBXFileReference; fileEncoding = 4; lastKnownFileType = sourcecode.c.objc; path = OutlineDelegate.m; sourceTree = "<group>"; };
		048D055715C60A7000B43974 /* REOutlineView.h */ = {isa = PBXFileReference; fileEncoding = 4; lastKnownFileType = sourcecode.c.h; path = REOutlineView.h; sourceTree = "<group>"; };
		048D055815C60A7000B43974 /* REOutlineView.m */ = {isa = PBXFileReference; fileEncoding = 4; lastKnownFileType = sourcecode.c.objc; path = REOutlineView.m; sourceTree = "<group>"; };
		04E07BB015C60AE7000079BD /* Reddit-Info.plist */ = {isa = PBXFileReference; fileEncoding = 4; lastKnownFileType = text.plist.xml; name = "Reddit-Info.plist"; path = "Reddit for Mac OS X/Reddit-Info.plist"; sourceTree = SOURCE_ROOT; };
		04E07BB315C60AF1000079BD /* en */ = {isa = PBXFileReference; lastKnownFileType = text.rtf; name = en; path = "Reddit for Mac OS X/en.lproj/Credits.rtf"; sourceTree = SOURCE_ROOT; };
		04E07BB515C60AF1000079BD /* en */ = {isa = PBXFileReference; lastKnownFileType = text.plist.strings; name = en; path = "Reddit for Mac OS X/en.lproj/InfoPlist.strings"; sourceTree = SOURCE_ROOT; };
		04E07BBA15C60AF8000079BD /* en */ = {isa = PBXFileReference; lastKnownFileType = file.xib; name = en; path = "Reddit for Mac OS X/en.lproj/MainMenu.xib"; sourceTree = SOURCE_ROOT; };
		04E07BBC15C60BD5000079BD /* main.m */ = {isa = PBXFileReference; fileEncoding = 4; lastKnownFileType = sourcecode.c.objc; name = main.m; path = "Reddit for Mac OS X/main.m"; sourceTree = SOURCE_ROOT; };
		04ED31F715C495F200BB265D /* Reddit.app */ = {isa = PBXFileReference; explicitFileType = wrapper.application; includeInIndex = 0; path = Reddit.app; sourceTree = BUILT_PRODUCTS_DIR; };
		04ED31FB15C495F200BB265D /* Cocoa.framework */ = {isa = PBXFileReference; lastKnownFileType = wrapper.framework; name = Cocoa.framework; path = System/Library/Frameworks/Cocoa.framework; sourceTree = SDKROOT; };
		04ED31FE15C495F200BB265D /* AppKit.framework */ = {isa = PBXFileReference; lastKnownFileType = wrapper.framework; name = AppKit.framework; path = System/Library/Frameworks/AppKit.framework; sourceTree = SDKROOT; };
		04ED31FF15C495F200BB265D /* CoreData.framework */ = {isa = PBXFileReference; lastKnownFileType = wrapper.framework; name = CoreData.framework; path = System/Library/Frameworks/CoreData.framework; sourceTree = SDKROOT; };
		04ED320015C495F200BB265D /* Foundation.framework */ = {isa = PBXFileReference; lastKnownFileType = wrapper.framework; name = Foundation.framework; path = System/Library/Frameworks/Foundation.framework; sourceTree = SDKROOT; };
/* End PBXFileReference section */

/* Begin PBXFrameworksBuildPhase section */
		04ED31F415C495F200BB265D /* Frameworks */ = {
			isa = PBXFrameworksBuildPhase;
			buildActionMask = 2147483647;
			files = (
				04ED31FC15C495F200BB265D /* Cocoa.framework in Frameworks */,
			);
			runOnlyForDeploymentPostprocessing = 0;
		};
/* End PBXFrameworksBuildPhase section */

/* Begin PBXGroup section */
		048D054915C60A7000B43974 /* Reddit for Mac OS X */ = {
			isa = PBXGroup;
			children = (
				048D054A15C60A7000B43974 /* AppDelegate.h */,
				048D054B15C60A7000B43974 /* AppDelegate.m */,
				048D056115C60A7600B43974 /* Interface */,
				04E07BB915C60AF8000079BD /* MainMenu.xib */,
			);
			path = "Reddit for Mac OS X";
			sourceTree = "<group>";
		};
		048D056115C60A7600B43974 /* Interface */ = {
			isa = PBXGroup;
			children = (
				048D055315C60A7000B43974 /* OutlineDelegate.h */,
				048D055415C60A7000B43974 /* OutlineDelegate.m */,
				048D055715C60A7000B43974 /* REOutlineView.h */,
				048D055815C60A7000B43974 /* REOutlineView.m */,
			);
			name = Interface;
			sourceTree = "<group>";
		};
		04ED31EC15C495F200BB265D = {
			isa = PBXGroup;
			children = (
				048D054915C60A7000B43974 /* Reddit for Mac OS X */,
				04ED320215C495F200BB265D /* Supporting Files */,
			);
			sourceTree = "<group>";
		};
		04ED31F815C495F200BB265D /* Products */ = {
			isa = PBXGroup;
			children = (
				04ED31F715C495F200BB265D /* Reddit.app */,
			);
			name = Products;
			path = ..;
			sourceTree = "<group>";
		};
		04ED31FA15C495F200BB265D /* Frameworks */ = {
			isa = PBXGroup;
			children = (
				04ED31FB15C495F200BB265D /* Cocoa.framework */,
				04ED31FD15C495F200BB265D /* Other Frameworks */,
			);
			name = Frameworks;
			path = ..;
			sourceTree = "<group>";
		};
		04ED31FD15C495F200BB265D /* Other Frameworks */ = {
			isa = PBXGroup;
			children = (
				04ED31FE15C495F200BB265D /* AppKit.framework */,
				04ED31FF15C495F200BB265D /* CoreData.framework */,
				04ED320015C495F200BB265D /* Foundation.framework */,
			);
			name = "Other Frameworks";
			sourceTree = "<group>";
		};
		04ED320215C495F200BB265D /* Supporting Files */ = {
			isa = PBXGroup;
			children = (
				04E07BBC15C60BD5000079BD /* main.m */,
				04E07BB215C60AF1000079BD /* Credits.rtf */,
				04E07BB415C60AF1000079BD /* InfoPlist.strings */,
				04E07BB015C60AE7000079BD /* Reddit-Info.plist */,
				04ED31F815C495F200BB265D /* Products */,
				04ED31FA15C495F200BB265D /* Frameworks */,
			);
			name = "Supporting Files";
			path = "Alien Blue";
			sourceTree = "<group>";
		};
/* End PBXGroup section */

/* Begin PBXNativeTarget section */
		04ED31F615C495F200BB265D /* Reddit */ = {
			isa = PBXNativeTarget;
			buildConfigurationList = 04ED321515C495F200BB265D /* Build configuration list for PBXNativeTarget "Reddit" */;
			buildPhases = (
				04ED31F315C495F200BB265D /* Sources */,
				04ED31F415C495F200BB265D /* Frameworks */,
				04ED31F515C495F200BB265D /* Resources */,
			);
			buildRules = (
			);
			dependencies = (
			);
			name = Reddit;
			productName = "Alien Blue";
			productReference = 04ED31F715C495F200BB265D /* Reddit.app */;
			productType = "com.apple.product-type.application";
		};
/* End PBXNativeTarget section */

/* Begin PBXProject section */
		04ED31EE15C495F200BB265D /* Project object */ = {
			isa = PBXProject;
			attributes = {
				LastUpgradeCheck = 0440;
				ORGANIZATIONNAME = "evan schoffstall";
			};
			buildConfigurationList = 04ED31F115C495F200BB265D /* Build configuration list for PBXProject "Reddit" */;
			compatibilityVersion = "Xcode 3.2";
			developmentRegion = English;
			hasScannedForEncodings = 0;
			knownRegions = (
				en,
			);
			mainGroup = 04ED31EC15C495F200BB265D;
			productRefGroup = 04ED31F815C495F200BB265D /* Products */;
			projectDirPath = "";
			projectRoot = "";
			targets = (
				04ED31F615C495F200BB265D /* Reddit */,
			);
		};
/* End PBXProject section */

/* Begin PBXResourcesBuildPhase section */
		04ED31F515C495F200BB265D /* Resources */ = {
			isa = PBXResourcesBuildPhase;
			buildActionMask = 2147483647;
			files = (
				04E07BB115C60AE7000079BD /* Reddit-Info.plist in Resources */,
				04E07BB615C60AF1000079BD /* Credits.rtf in Resources */,
				04E07BB715C60AF1000079BD /* InfoPlist.strings in Resources */,
				04E07BB815C60AF1000079BD /* Reddit-Info.plist in Resources */,
				04E07BBB15C60AF8000079BD /* MainMenu.xib in Resources */,
			);
			runOnlyForDeploymentPostprocessing = 0;
		};
/* End PBXResourcesBuildPhase section */

/* Begin PBXSourcesBuildPhase section */
		04ED31F315C495F200BB265D /* Sources */ = {
			isa = PBXSourcesBuildPhase;
			buildActionMask = 2147483647;
			files = (
				048D055915C60A7000B43974 /* AppDelegate.m in Sources */,
				048D055E15C60A7000B43974 /* OutlineDelegate.m in Sources */,
				048D056015C60A7000B43974 /* REOutlineView.m in Sources */,
				04E07BBD15C60BD5000079BD /* main.m in Sources */,
			);
			runOnlyForDeploymentPostprocessing = 0;
		};
/* End PBXSourcesBuildPhase section */

/* Begin PBXVariantGroup section */
		04E07BB215C60AF1000079BD /* Credits.rtf */ = {
			isa = PBXVariantGroup;
			children = (
				04E07BB315C60AF1000079BD /* en */,
			);
			name = Credits.rtf;
			sourceTree = "<group>";
		};
		04E07BB415C60AF1000079BD /* InfoPlist.strings */ = {
			isa = PBXVariantGroup;
			children = (
				04E07BB515C60AF1000079BD /* en */,
			);
			name = InfoPlist.strings;
			sourceTree = "<group>";
		};
		04E07BB915C60AF8000079BD /* MainMenu.xib */ = {
			isa = PBXVariantGroup;
			children = (
				04E07BBA15C60AF8000079BD /* en */,
			);
			name = MainMenu.xib;
			path = "../Alien Blue";
			sourceTree = "<group>";
		};
/* End PBXVariantGroup section */

/* Begin XCBuildConfiguration section */
		04ED321315C495F200BB265D /* Debug */ = {
			isa = XCBuildConfiguration;
			buildSettings = {
				ALWAYS_SEARCH_USER_PATHS = NO;
				ARCHS = "$(ARCHS_STANDARD_64_BIT)";
				CLANG_CXX_LANGUAGE_STANDARD = "gnu++0x";
				CLANG_ENABLE_OBJC_ARC = YES;
				CLANG_WARN__DUPLICATE_METHOD_MATCH = YES;
				COPY_PHASE_STRIP = NO;
				GCC_C_LANGUAGE_STANDARD = gnu99;
				GCC_DYNAMIC_NO_PIC = NO;
				GCC_ENABLE_OBJC_EXCEPTIONS = YES;
				GCC_OPTIMIZATION_LEVEL = 0;
				GCC_PREPROCESSOR_DEFINITIONS = (
					"DEBUG=1",
					"$(inherited)",
				);
				GCC_SYMBOLS_PRIVATE_EXTERN = NO;
				GCC_WARN_64_TO_32_BIT_CONVERSION = YES;
				GCC_WARN_ABOUT_RETURN_TYPE = YES;
				GCC_WARN_UNINITIALIZED_AUTOS = YES;
				GCC_WARN_UNUSED_VARIABLE = YES;
				MACOSX_DEPLOYMENT_TARGET = 10.8;
				ONLY_ACTIVE_ARCH = YES;
				SDKROOT = macosx;
			};
			name = Debug;
		};
		04ED321415C495F200BB265D /* Release */ = {
			isa = XCBuildConfiguration;
			buildSettings = {
				ALWAYS_SEARCH_USER_PATHS = NO;
				ARCHS = "$(ARCHS_STANDARD_64_BIT)";
				CLANG_CXX_LANGUAGE_STANDARD = "gnu++0x";
				CLANG_ENABLE_OBJC_ARC = YES;
				CLANG_WARN__DUPLICATE_METHOD_MATCH = YES;
				COPY_PHASE_STRIP = YES;
				DEBUG_INFORMATION_FORMAT = "dwarf-with-dsym";
				GCC_C_LANGUAGE_STANDARD = gnu99;
				GCC_ENABLE_OBJC_EXCEPTIONS = YES;
				GCC_WARN_64_TO_32_BIT_CONVERSION = YES;
				GCC_WARN_ABOUT_RETURN_TYPE = YES;
				GCC_WARN_UNINITIALIZED_AUTOS = YES;
				GCC_WARN_UNUSED_VARIABLE = YES;
				MACOSX_DEPLOYMENT_TARGET = 10.8;
				SDKROOT = macosx;
			};
			name = Release;
		};
		04ED321615C495F200BB265D /* Debug */ = {
			isa = XCBuildConfiguration;
			buildSettings = {
				COMBINE_HIDPI_IMAGES = YES;
				GCC_PRECOMPILE_PREFIX_HEADER = YES;
				GCC_PREFIX_HEADER = "Reddit for Mac OS X/Reddit-Prefix.pch";
				INFOPLIST_FILE = "Reddit for Mac OS X/Reddit-Info.plist";
				PRODUCT_NAME = Reddit;
				WRAPPER_EXTENSION = app;
			};
			name = Debug;
		};
		04ED321715C495F200BB265D /* Release */ = {
			isa = XCBuildConfiguration;
			buildSettings = {
				COMBINE_HIDPI_IMAGES = YES;
				GCC_PRECOMPILE_PREFIX_HEADER = YES;
				GCC_PREFIX_HEADER = "Reddit for Mac OS X/Reddit-Prefix.pch";
				INFOPLIST_FILE = "Reddit for Mac OS X/Reddit-Info.plist";
				PRODUCT_NAME = Reddit;
				WRAPPER_EXTENSION = app;
			};
			name = Release;
		};
/* End XCBuildConfiguration section */

/* Begin XCConfigurationList section */
		04ED31F115C495F200BB265D /* Build configuration list for PBXProject "Reddit" */ = {
			isa = XCConfigurationList;
			buildConfigurations = (
				04ED321315C495F200BB265D /* Debug */,
				04ED321415C495F200BB265D /* Release */,
			);
			defaultConfigurationIsVisible = 0;
			defaultConfigurationName = Release;
		};
		04ED321515C495F200BB265D /* Build configuration list for PBXNativeTarget "Reddit" */ = {
			isa = XCConfigurationList;
			buildConfigurations = (
				04ED321615C495F200BB265D /* Debug */,
				04ED321715C495F200BB265D /* Release */,
			);
			defaultConfigurationIsVisible = 0;
			defaultConfigurationName = Release;
		};
/* End XCConfigurationList section */
	};
	rootObject = 04ED31EE15C495F200BB265D /* Project object */;
}
